PODS:
  - BIJKPlayer (0.7.10)
  - fijkplayer (0.9.0):
    - BIJKPlayer (~> 0.7.10)
    - Flutter
  - Flutter (1.0.0)

DEPENDENCIES:
  - fijkplayer (from `.symlinks/plugins/fijkplayer/ios`)
  - Flutter (from `Flutter`)

SPEC REPOS:
  trunk:
    - BIJKPlayer

EXTERNAL SOURCES:
  fijkplayer:
    :path: ".symlinks/plugins/fijkplayer/ios"
  Flutter:
    :path: Flutter

SPEC CHECKSUMS:
  BIJKPlayer: 6727b075679eb5173b6d16f42ff2f33b9a757213
  fijkplayer: f9cdfb1e8c9ba8ed31dda5689cebabe52f233907
  Flutter: 434fef37c0980e73bb6479ef766c45957d4b510c

PODFILE CHECKSUM: 2c3720bba74f4f4aa42d9c88d4ec454b4f622005

COCOAPODS: 1.10.0
